
Microsoft Visual Studio Solution File, Format Version 11.00
# Visual Studio 2010
Project("{2150E333-8FDC-42A3-9474-1A3956D46DE8}") = "DtPadProjects", "DtPadProjects", "{AC4D9764-87FD-4A38-939D-95FE4154A596}"
EndProject
Project("{2150E333-8FDC-42A3-9474-1A3956D46DE8}") = "DtHelpProjects", "DtHelpProjects", "{49447B3E-A14A-4E82-B365-18F763F97309}"
EndProject
Project("{FAE04EC0-301F-11D3-BF4B-00C04F79EFBC}") = "DtPad", "DtPad\DtPad.csproj", "{70413856-390D-47C2-8C69-CA8A26F9F643}"
EndProject
Project("{FAE04EC0-301F-11D3-BF4B-00C04F79EFBC}") = "DtPadUpdater", "DtPadUpdater\DtPadUpdater.csproj", "{903478DC-FB31-4AC8-945F-2313CB6CE6AF}"
EndProject
Project("{FAE04EC0-301F-11D3-BF4B-00C04F79EFBC}") = "DtPadSetup", "DtPadSetup\DtPadSetup.csproj", "{E05BC079-4993-4753-88CC-1AF2944AB0F7}"
	ProjectSection(ProjectDependencies) = postProject
		{3859082A-0BCE-48AA-B9CA-A6C87F1FF116} = {3859082A-0BCE-48AA-B9CA-A6C87F1FF116}
		{70413856-390D-47C2-8C69-CA8A26F9F643} = {70413856-390D-47C2-8C69-CA8A26F9F643}
		{0920B39A-C62F-43D6-9589-2DBFDA6E1C6C} = {0920B39A-C62F-43D6-9589-2DBFDA6E1C6C}
		{843733B4-F827-450E-A7C7-AFF9FDFFD525} = {843733B4-F827-450E-A7C7-AFF9FDFFD525}
		{903478DC-FB31-4AC8-945F-2313CB6CE6AF} = {903478DC-FB31-4AC8-945F-2313CB6CE6AF}
	EndProjectSection
EndProject
Project("{FAE04EC0-301F-11D3-BF4B-00C04F79EFBC}") = "DtHelp", "DtHelp\DtHelp.csproj", "{3859082A-0BCE-48AA-B9CA-A6C87F1FF116}"
EndProject
Project("{F184B08F-C81C-45F6-A57F-5ABD9991F28F}") = "DtControls", "DtControls\DtControls.vbproj", "{0920B39A-C62F-43D6-9589-2DBFDA6E1C6C}"
EndProject
Project("{FAE04EC0-301F-11D3-BF4B-00C04F79EFBC}") = "DtPadUninstaller", "DtPadUninstaller\DtPadUninstaller.csproj", "{843733B4-F827-450E-A7C7-AFF9FDFFD525}"
EndProject
Project("{2150E333-8FDC-42A3-9474-1A3956D46DE8}") = "ExternalProjects", "ExternalProjects", "{2A318CF5-20C5-41BD-AE6F-D3EBF6B60D81}"
EndProject
Project("{FAE04EC0-301F-11D3-BF4B-00C04F79EFBC}") = "XmlGridControl", "XmlGridControl\XmlGridControl.csproj", "{3EA7DB44-3C1D-4B74-A925-68F6D80BC98B}"
EndProject
Project("{FAE04EC0-301F-11D3-BF4B-00C04F79EFBC}") = "AppLimit.CloudComputing.SharpBox", "AppLimit.CloudComputing.SharpBox\AppLimit.CloudComputing.SharpBox.csproj", "{5B779AE9-72B6-4B7E-88B7-47227B92112A}"
EndProject
Global
	GlobalSection(TeamFoundationVersionControl) = preSolution
		SccNumberOfProjects = 9
		SccEnterpriseProvider = {4CA58AB2-18FA-4F8D-95D4-32DDF27D184C}
		SccTeamFoundationServer = https://tfs.codeplex.com/tfs/tfs29
		SccLocalPath0 = .
		SccProjectUniqueName1 = DtPad\\DtPad.csproj
		SccProjectTopLevelParentUniqueName1 = DtDesk.sln
		SccProjectName1 = DtPad
		SccLocalPath1 = DtPad
		SccProjectUniqueName2 = DtPadUpdater\\DtPadUpdater.csproj
		SccProjectTopLevelParentUniqueName2 = DtDesk.sln
		SccProjectName2 = DtPadUpdater
		SccLocalPath2 = DtPadUpdater
		SccProjectUniqueName3 = DtPadSetup\\DtPadSetup.csproj
		SccProjectTopLevelParentUniqueName3 = DtDesk.sln
		SccProjectName3 = DtPadSetup
		SccLocalPath3 = DtPadSetup
		SccProjectUniqueName4 = DtHelp\\DtHelp.csproj
		SccProjectTopLevelParentUniqueName4 = DtDesk.sln
		SccProjectName4 = DtHelp
		SccLocalPath4 = DtHelp
		SccProjectUniqueName5 = DtControls\\DtControls.vbproj
		SccProjectTopLevelParentUniqueName5 = DtDesk.sln
		SccProjectName5 = DtControls
		SccLocalPath5 = DtControls
		SccProjectUniqueName6 = DtPadUninstaller\\DtPadUninstaller.csproj
		SccProjectTopLevelParentUniqueName6 = DtDesk.sln
		SccProjectName6 = DtPadUninstaller
		SccLocalPath6 = DtPadUninstaller
		SccProjectUniqueName7 = XmlGridControl\\XmlGridControl.csproj
		SccProjectTopLevelParentUniqueName7 = DtDesk.sln
		SccProjectName7 = XmlGridControl
		SccLocalPath7 = XmlGridControl
		SccProjectUniqueName8 = AppLimit.CloudComputing.SharpBox\\AppLimit.CloudComputing.SharpBox.csproj
		SccProjectTopLevelParentUniqueName8 = DtDesk.sln
		SccProjectName8 = AppLimit.CloudComputing.SharpBox
		SccLocalPath8 = AppLimit.CloudComputing.SharpBox
	EndGlobalSection
	GlobalSection(SolutionConfigurationPlatforms) = preSolution
		Debug|Any CPU = Debug|Any CPU
		Debug|Mixed Platforms = Debug|Mixed Platforms
		Debug|x86 = Debug|x86
		Release|Any CPU = Release|Any CPU
		Release|Mixed Platforms = Release|Mixed Platforms
		Release|x86 = Release|x86
		ReleaseFE|Any CPU = ReleaseFE|Any CPU
		ReleaseFE|Mixed Platforms = ReleaseFE|Mixed Platforms
		ReleaseFE|x86 = ReleaseFE|x86
	EndGlobalSection
	GlobalSection(ProjectConfigurationPlatforms) = postSolution
		{70413856-390D-47C2-8C69-CA8A26F9F643}.Debug|Any CPU.ActiveCfg = Debug|Any CPU
		{70413856-390D-47C2-8C69-CA8A26F9F643}.Debug|Any CPU.Build.0 = Debug|Any CPU
		{70413856-390D-47C2-8C69-CA8A26F9F643}.Debug|Mixed Platforms.ActiveCfg = Debug|Any CPU
		{70413856-390D-47C2-8C69-CA8A26F9F643}.Debug|Mixed Platforms.Build.0 = Debug|Any CPU
		{70413856-390D-47C2-8C69-CA8A26F9F643}.Debug|x86.ActiveCfg = Debug|Any CPU
		{70413856-390D-47C2-8C69-CA8A26F9F643}.Release|Any CPU.ActiveCfg = Release|Any CPU
		{70413856-390D-47C2-8C69-CA8A26F9F643}.Release|Any CPU.Build.0 = Release|Any CPU
		{70413856-390D-47C2-8C69-CA8A26F9F643}.Release|Mixed Platforms.ActiveCfg = Release|Any CPU
		{70413856-390D-47C2-8C69-CA8A26F9F643}.Release|Mixed Platforms.Build.0 = Release|Any CPU
		{70413856-390D-47C2-8C69-CA8A26F9F643}.Release|x86.ActiveCfg = Release|Any CPU
		{70413856-390D-47C2-8C69-CA8A26F9F643}.ReleaseFE|Any CPU.ActiveCfg = ReleaseFE|Any CPU
		{70413856-390D-47C2-8C69-CA8A26F9F643}.ReleaseFE|Any CPU.Build.0 = ReleaseFE|Any CPU
		{70413856-390D-47C2-8C69-CA8A26F9F643}.ReleaseFE|Mixed Platforms.ActiveCfg = ReleaseFE|Any CPU
		{70413856-390D-47C2-8C69-CA8A26F9F643}.ReleaseFE|Mixed Platforms.Build.0 = ReleaseFE|Any CPU
		{70413856-390D-47C2-8C69-CA8A26F9F643}.ReleaseFE|x86.ActiveCfg = ReleaseFE|Any CPU
		{903478DC-FB31-4AC8-945F-2313CB6CE6AF}.Debug|Any CPU.ActiveCfg = Debug|Any CPU
		{903478DC-FB31-4AC8-945F-2313CB6CE6AF}.Debug|Any CPU.Build.0 = Debug|Any CPU
		{903478DC-FB31-4AC8-945F-2313CB6CE6AF}.Debug|Mixed Platforms.ActiveCfg = Debug|Any CPU
		{903478DC-FB31-4AC8-945F-2313CB6CE6AF}.Debug|Mixed Platforms.Build.0 = Debug|Any CPU
		{903478DC-FB31-4AC8-945F-2313CB6CE6AF}.Debug|x86.ActiveCfg = Debug|Any CPU
		{903478DC-FB31-4AC8-945F-2313CB6CE6AF}.Release|Any CPU.ActiveCfg = Release|Any CPU
		{903478DC-FB31-4AC8-945F-2313CB6CE6AF}.Release|Any CPU.Build.0 = Release|Any CPU
		{903478DC-FB31-4AC8-945F-2313CB6CE6AF}.Release|Mixed Platforms.ActiveCfg = Release|Any CPU
		{903478DC-FB31-4AC8-945F-2313CB6CE6AF}.Release|Mixed Platforms.Build.0 = Release|Any CPU
		{903478DC-FB31-4AC8-945F-2313CB6CE6AF}.Release|x86.ActiveCfg = Release|Any CPU
		{903478DC-FB31-4AC8-945F-2313CB6CE6AF}.ReleaseFE|Any CPU.ActiveCfg = ReleaseFE|Any CPU
		{903478DC-FB31-4AC8-945F-2313CB6CE6AF}.ReleaseFE|Any CPU.Build.0 = ReleaseFE|Any CPU
		{903478DC-FB31-4AC8-945F-2313CB6CE6AF}.ReleaseFE|Mixed Platforms.ActiveCfg = ReleaseFE|Any CPU
		{903478DC-FB31-4AC8-945F-2313CB6CE6AF}.ReleaseFE|Mixed Platforms.Build.0 = ReleaseFE|Any CPU
		{903478DC-FB31-4AC8-945F-2313CB6CE6AF}.ReleaseFE|x86.ActiveCfg = ReleaseFE|Any CPU
		{E05BC079-4993-4753-88CC-1AF2944AB0F7}.Debug|Any CPU.ActiveCfg = Debug|Any CPU
		{E05BC079-4993-4753-88CC-1AF2944AB0F7}.Debug|Any CPU.Build.0 = Debug|Any CPU
		{E05BC079-4993-4753-88CC-1AF2944AB0F7}.Debug|Mixed Platforms.ActiveCfg = Debug|Any CPU
		{E05BC079-4993-4753-88CC-1AF2944AB0F7}.Debug|Mixed Platforms.Build.0 = Debug|Any CPU
		{E05BC079-4993-4753-88CC-1AF2944AB0F7}.Debug|x86.ActiveCfg = Debug|Any CPU
		{E05BC079-4993-4753-88CC-1AF2944AB0F7}.Release|Any CPU.ActiveCfg = Release|Any CPU
		{E05BC079-4993-4753-88CC-1AF2944AB0F7}.Release|Any CPU.Build.0 = Release|Any CPU
		{E05BC079-4993-4753-88CC-1AF2944AB0F7}.Release|Mixed Platforms.ActiveCfg = Release|Any CPU
		{E05BC079-4993-4753-88CC-1AF2944AB0F7}.Release|Mixed Platforms.Build.0 = Release|Any CPU
		{E05BC079-4993-4753-88CC-1AF2944AB0F7}.Release|x86.ActiveCfg = Release|Any CPU
		{E05BC079-4993-4753-88CC-1AF2944AB0F7}.ReleaseFE|Any CPU.ActiveCfg = ReleaseFE|Any CPU
		{E05BC079-4993-4753-88CC-1AF2944AB0F7}.ReleaseFE|Any CPU.Build.0 = ReleaseFE|Any CPU
		{E05BC079-4993-4753-88CC-1AF2944AB0F7}.ReleaseFE|Mixed Platforms.ActiveCfg = ReleaseFE|Any CPU
		{E05BC079-4993-4753-88CC-1AF2944AB0F7}.ReleaseFE|Mixed Platforms.Build.0 = ReleaseFE|Any CPU
		{E05BC079-4993-4753-88CC-1AF2944AB0F7}.ReleaseFE|x86.ActiveCfg = ReleaseFE|Any CPU
		{3859082A-0BCE-48AA-B9CA-A6C87F1FF116}.Debug|Any CPU.ActiveCfg = Debug|Any CPU
		{3859082A-0BCE-48AA-B9CA-A6C87F1FF116}.Debug|Any CPU.Build.0 = Debug|Any CPU
		{3859082A-0BCE-48AA-B9CA-A6C87F1FF116}.Debug|Mixed Platforms.ActiveCfg = Debug|Any CPU
		{3859082A-0BCE-48AA-B9CA-A6C87F1FF116}.Debug|Mixed Platforms.Build.0 = Debug|Any CPU
		{3859082A-0BCE-48AA-B9CA-A6C87F1FF116}.Debug|x86.ActiveCfg = Debug|Any CPU
		{3859082A-0BCE-48AA-B9CA-A6C87F1FF116}.Release|Any CPU.ActiveCfg = Release|Any CPU
		{3859082A-0BCE-48AA-B9CA-A6C87F1FF116}.Release|Any CPU.Build.0 = Release|Any CPU
		{3859082A-0BCE-48AA-B9CA-A6C87F1FF116}.Release|Mixed Platforms.ActiveCfg = Release|Any CPU
		{3859082A-0BCE-48AA-B9CA-A6C87F1FF116}.Release|Mixed Platforms.Build.0 = Release|Any CPU
		{3859082A-0BCE-48AA-B9CA-A6C87F1FF116}.Release|x86.ActiveCfg = Release|Any CPU
		{3859082A-0BCE-48AA-B9CA-A6C87F1FF116}.ReleaseFE|Any CPU.ActiveCfg = ReleaseFE|Any CPU
		{3859082A-0BCE-48AA-B9CA-A6C87F1FF116}.ReleaseFE|Any CPU.Build.0 = ReleaseFE|Any CPU
		{3859082A-0BCE-48AA-B9CA-A6C87F1FF116}.ReleaseFE|Mixed Platforms.ActiveCfg = ReleaseFE|Any CPU
		{3859082A-0BCE-48AA-B9CA-A6C87F1FF116}.ReleaseFE|Mixed Platforms.Build.0 = ReleaseFE|Any CPU
		{3859082A-0BCE-48AA-B9CA-A6C87F1FF116}.ReleaseFE|x86.ActiveCfg = ReleaseFE|Any CPU
		{0920B39A-C62F-43D6-9589-2DBFDA6E1C6C}.Debug|Any CPU.ActiveCfg = Debug|Any CPU
		{0920B39A-C62F-43D6-9589-2DBFDA6E1C6C}.Debug|Any CPU.Build.0 = Debug|Any CPU
		{0920B39A-C62F-43D6-9589-2DBFDA6E1C6C}.Debug|Mixed Platforms.ActiveCfg = Debug|Any CPU
		{0920B39A-C62F-43D6-9589-2DBFDA6E1C6C}.Debug|Mixed Platforms.Build.0 = Debug|Any CPU
		{0920B39A-C62F-43D6-9589-2DBFDA6E1C6C}.Debug|x86.ActiveCfg = Debug|Any CPU
		{0920B39A-C62F-43D6-9589-2DBFDA6E1C6C}.Release|Any CPU.ActiveCfg = Release|Any CPU
		{0920B39A-C62F-43D6-9589-2DBFDA6E1C6C}.Release|Any CPU.Build.0 = Release|Any CPU
		{0920B39A-C62F-43D6-9589-2DBFDA6E1C6C}.Release|Mixed Platforms.ActiveCfg = Release|Any CPU
		{0920B39A-C62F-43D6-9589-2DBFDA6E1C6C}.Release|Mixed Platforms.Build.0 = Release|Any CPU
		{0920B39A-C62F-43D6-9589-2DBFDA6E1C6C}.Release|x86.ActiveCfg = Release|Any CPU
		{0920B39A-C62F-43D6-9589-2DBFDA6E1C6C}.ReleaseFE|Any CPU.ActiveCfg = ReleaseFE|Any CPU
		{0920B39A-C62F-43D6-9589-2DBFDA6E1C6C}.ReleaseFE|Any CPU.Build.0 = ReleaseFE|Any CPU
		{0920B39A-C62F-43D6-9589-2DBFDA6E1C6C}.ReleaseFE|Mixed Platforms.ActiveCfg = ReleaseFE|Any CPU
		{0920B39A-C62F-43D6-9589-2DBFDA6E1C6C}.ReleaseFE|Mixed Platforms.Build.0 = ReleaseFE|Any CPU
		{0920B39A-C62F-43D6-9589-2DBFDA6E1C6C}.ReleaseFE|x86.ActiveCfg = ReleaseFE|Any CPU
		{843733B4-F827-450E-A7C7-AFF9FDFFD525}.Debug|Any CPU.ActiveCfg = Debug|Any CPU
		{843733B4-F827-450E-A7C7-AFF9FDFFD525}.Debug|Any CPU.Build.0 = Debug|Any CPU
		{843733B4-F827-450E-A7C7-AFF9FDFFD525}.Debug|Mixed Platforms.ActiveCfg = Debug|Any CPU
		{843733B4-F827-450E-A7C7-AFF9FDFFD525}.Debug|Mixed Platforms.Build.0 = Debug|Any CPU
		{843733B4-F827-450E-A7C7-AFF9FDFFD525}.Debug|x86.ActiveCfg = Debug|Any CPU
		{843733B4-F827-450E-A7C7-AFF9FDFFD525}.Release|Any CPU.ActiveCfg = Release|Any CPU
		{843733B4-F827-450E-A7C7-AFF9FDFFD525}.Release|Any CPU.Build.0 = Release|Any CPU
		{843733B4-F827-450E-A7C7-AFF9FDFFD525}.Release|Mixed Platforms.ActiveCfg = Release|Any CPU
		{843733B4-F827-450E-A7C7-AFF9FDFFD525}.Release|Mixed Platforms.Build.0 = Release|Any CPU
		{843733B4-F827-450E-A7C7-AFF9FDFFD525}.Release|x86.ActiveCfg = Release|Any CPU
		{843733B4-F827-450E-A7C7-AFF9FDFFD525}.ReleaseFE|Any CPU.ActiveCfg = ReleaseFE|Any CPU
		{843733B4-F827-450E-A7C7-AFF9FDFFD525}.ReleaseFE|Any CPU.Build.0 = ReleaseFE|Any CPU
		{843733B4-F827-450E-A7C7-AFF9FDFFD525}.ReleaseFE|Mixed Platforms.ActiveCfg = ReleaseFE|Any CPU
		{843733B4-F827-450E-A7C7-AFF9FDFFD525}.ReleaseFE|Mixed Platforms.Build.0 = ReleaseFE|Any CPU
		{843733B4-F827-450E-A7C7-AFF9FDFFD525}.ReleaseFE|x86.ActiveCfg = ReleaseFE|Any CPU
		{3EA7DB44-3C1D-4B74-A925-68F6D80BC98B}.Debug|Any CPU.ActiveCfg = Debug|Any CPU
		{3EA7DB44-3C1D-4B74-A925-68F6D80BC98B}.Debug|Any CPU.Build.0 = Debug|Any CPU
		{3EA7DB44-3C1D-4B74-A925-68F6D80BC98B}.Debug|Mixed Platforms.ActiveCfg = Debug|Any CPU
		{3EA7DB44-3C1D-4B74-A925-68F6D80BC98B}.Debug|Mixed Platforms.Build.0 = Debug|Any CPU
		{3EA7DB44-3C1D-4B74-A925-68F6D80BC98B}.Debug|x86.ActiveCfg = Debug|Any CPU
		{3EA7DB44-3C1D-4B74-A925-68F6D80BC98B}.Release|Any CPU.ActiveCfg = Release|Any CPU
		{3EA7DB44-3C1D-4B74-A925-68F6D80BC98B}.Release|Any CPU.Build.0 = Release|Any CPU
		{3EA7DB44-3C1D-4B74-A925-68F6D80BC98B}.Release|Mixed Platforms.ActiveCfg = Release|Any CPU
		{3EA7DB44-3C1D-4B74-A925-68F6D80BC98B}.Release|Mixed Platforms.Build.0 = Release|Any CPU
		{3EA7DB44-3C1D-4B74-A925-68F6D80BC98B}.Release|x86.ActiveCfg = Release|Any CPU
		{3EA7DB44-3C1D-4B74-A925-68F6D80BC98B}.ReleaseFE|Any CPU.ActiveCfg = Release|Any CPU
		{3EA7DB44-3C1D-4B74-A925-68F6D80BC98B}.ReleaseFE|Any CPU.Build.0 = Release|Any CPU
		{3EA7DB44-3C1D-4B74-A925-68F6D80BC98B}.ReleaseFE|Mixed Platforms.ActiveCfg = Release|Any CPU
		{3EA7DB44-3C1D-4B74-A925-68F6D80BC98B}.ReleaseFE|Mixed Platforms.Build.0 = Release|Any CPU
		{3EA7DB44-3C1D-4B74-A925-68F6D80BC98B}.ReleaseFE|x86.ActiveCfg = Release|Any CPU
		{5B779AE9-72B6-4B7E-88B7-47227B92112A}.Debug|Any CPU.ActiveCfg = Debug|Any CPU
		{5B779AE9-72B6-4B7E-88B7-47227B92112A}.Debug|Any CPU.Build.0 = Debug|Any CPU
		{5B779AE9-72B6-4B7E-88B7-47227B92112A}.Debug|Mixed Platforms.ActiveCfg = Debug|Any CPU
		{5B779AE9-72B6-4B7E-88B7-47227B92112A}.Debug|Mixed Platforms.Build.0 = Debug|Any CPU
		{5B779AE9-72B6-4B7E-88B7-47227B92112A}.Debug|x86.ActiveCfg = Debug|Any CPU
		{5B779AE9-72B6-4B7E-88B7-47227B92112A}.Release|Any CPU.ActiveCfg = Release|Any CPU
		{5B779AE9-72B6-4B7E-88B7-47227B92112A}.Release|Any CPU.Build.0 = Release|Any CPU
		{5B779AE9-72B6-4B7E-88B7-47227B92112A}.Release|Mixed Platforms.ActiveCfg = Release|Any CPU
		{5B779AE9-72B6-4B7E-88B7-47227B92112A}.Release|Mixed Platforms.Build.0 = Release|Any CPU
		{5B779AE9-72B6-4B7E-88B7-47227B92112A}.Release|x86.ActiveCfg = Release|Any CPU
		{5B779AE9-72B6-4B7E-88B7-47227B92112A}.ReleaseFE|Any CPU.ActiveCfg = Release|Any CPU
		{5B779AE9-72B6-4B7E-88B7-47227B92112A}.ReleaseFE|Any CPU.Build.0 = Release|Any CPU
		{5B779AE9-72B6-4B7E-88B7-47227B92112A}.ReleaseFE|Mixed Platforms.ActiveCfg = Release|Any CPU
		{5B779AE9-72B6-4B7E-88B7-47227B92112A}.ReleaseFE|Mixed Platforms.Build.0 = Release|Any CPU
		{5B779AE9-72B6-4B7E-88B7-47227B92112A}.ReleaseFE|x86.ActiveCfg = Release|Any CPU
	EndGlobalSection
	GlobalSection(SolutionProperties) = preSolution
		HideSolutionNode = FALSE
	EndGlobalSection
	GlobalSection(NestedProjects) = preSolution
		{70413856-390D-47C2-8C69-CA8A26F9F643} = {AC4D9764-87FD-4A38-939D-95FE4154A596}
		{903478DC-FB31-4AC8-945F-2313CB6CE6AF} = {AC4D9764-87FD-4A38-939D-95FE4154A596}
		{E05BC079-4993-4753-88CC-1AF2944AB0F7} = {AC4D9764-87FD-4A38-939D-95FE4154A596}
		{843733B4-F827-450E-A7C7-AFF9FDFFD525} = {AC4D9764-87FD-4A38-939D-95FE4154A596}
		{3859082A-0BCE-48AA-B9CA-A6C87F1FF116} = {49447B3E-A14A-4E82-B365-18F763F97309}
		{0920B39A-C62F-43D6-9589-2DBFDA6E1C6C} = {2A318CF5-20C5-41BD-AE6F-D3EBF6B60D81}
		{3EA7DB44-3C1D-4B74-A925-68F6D80BC98B} = {2A318CF5-20C5-41BD-AE6F-D3EBF6B60D81}
		{5B779AE9-72B6-4B7E-88B7-47227B92112A} = {2A318CF5-20C5-41BD-AE6F-D3EBF6B60D81}
	EndGlobalSection
EndGlobal
